{
  "version": 4,
  "terraform_version": "1.6.3",
  "serial": 308,
  "lineage": "f5c1f2c6-d0b1-eb63-bd34-c10a22bfe025",
  "outputs": {},
  "resources": [
    {
      "module": "module.eks",
      "mode": "managed",
      "type": "aws_cloudwatch_log_group",
      "name": "logging",
      "provider": "provider[\"registry.terraform.io/hashicorp/aws\"]",
      "instances": [
        {
          "schema_version": 0,
          "attributes": {
            "arn": "arn:aws:logs:us-east-2:574137357818:log-group:gabrielmaneraworkshop-eks-cluster",
            "id": "gabrielmaneraworkshop-eks-cluster",
            "kms_key_id": "",
            "name": "gabrielmaneraworkshop-eks-cluster",
            "name_prefix": "",
            "retention_in_days": 1,
            "skip_destroy": false,
            "tags": {},
            "tags_all": {}
          },
          "sensitive_attributes": [],
          "private": "bnVsbA=="
        }
      ]
    },
    {
      "module": "module.eks",
      "mode": "managed",
      "type": "aws_ebs_volume",
      "name": "pv-awx-eks-project",
      "provider": "provider[\"registry.terraform.io/hashicorp/aws\"]",
      "instances": [
        {
          "schema_version": 0,
          "attributes": {
            "arn": "arn:aws:ec2:us-east-2:574137357818:volume/vol-03da4a92fe20cd030",
            "availability_zone": "us-east-2a",
            "encrypted": false,
            "final_snapshot": false,
            "id": "vol-03da4a92fe20cd030",
            "iops": 100,
            "kms_key_id": "",
            "multi_attach_enabled": false,
            "outpost_arn": "",
            "size": 10,
            "snapshot_id": "",
            "tags": {
              "Name": "project-awx-eks-volume"
            },
            "tags_all": {
              "Name": "project-awx-eks-volume"
            },
            "throughput": 0,
            "timeouts": null,
            "type": "gp2"
          },
          "sensitive_attributes": [],
          "private": "eyJlMmJmYjczMC1lY2FhLTExZTYtOGY4OC0zNDM2M2JjN2M0YzAiOnsiY3JlYXRlIjozMDAwMDAwMDAwMDAsImRlbGV0ZSI6MzAwMDAwMDAwMDAwLCJ1cGRhdGUiOjMwMDAwMDAwMDAwMH19"
        }
      ]
    },
    {
      "module": "module.eks",
      "mode": "managed",
      "type": "aws_eks_cluster",
      "name": "eks_cluster",
      "provider": "provider[\"registry.terraform.io/hashicorp/aws\"]",
      "instances": [
        {
          "schema_version": 0,
          "attributes": {
            "arn": "arn:aws:eks:us-east-2:574137357818:cluster/gabrielmaneraworkshop-eks-cluster",
            "certificate_authority": [
              {
                "data": "LS0tLS1CRUdJTiBDRVJUSUZJQ0FURS0tLS0tCk1JSURCVENDQWUyZ0F3SUJBZ0lJS0xFMVhEcnpJWnN3RFFZSktvWklodmNOQVFFTEJRQXdGVEVUTUJFR0ExVUUKQXhNS2EzVmlaWEp1WlhSbGN6QWVGdzB5TXpFeE1qQXhPREV5TlRoYUZ3MHpNekV4TVRjeE9ERTNOVGhhTUJVeApFekFSQmdOVkJBTVRDbXQxWW1WeWJtVjBaWE13Z2dFaU1BMEdDU3FHU0liM0RRRUJBUVVBQTRJQkR3QXdnZ0VLCkFvSUJBUURDMG5sMldXaElVeG9HMEtGZGtRUmhKeXdjckEvVysySGtlbTZ0QzBPd25jQ1Ricm1kY2djTDFQM0YKZlBEcDJFSUVWRDRpSFYxTkE4WlBxSHRkR3BvTmpNQWQyd0kxLzhNajAwaGxuTzhaUG1lbVRNZk1oTmx0eld2VgoyaW5LaTJGSmdiQ3NuV0lFS3ZQcGE0QmpvbVBxVldicUJYeXgwclc3MWgwM01qYW56eWdHZDBLNFVGUkRRNHpxCmNoeTVvbGw5NGQwN1ZYemdxeHI3aG0vQUNYbGIrcFJRNVpDbEtRSE9QSFI5emZjcExxQUJRekgxZUxpcFdXQ2sKYzI0cXYzYVpuaXd4UHY3MzR1cHBYSmlkcmY5aXZGM3BucGR0dWllT1NRR2o1UUVhSlUxTkp4OHh0WCtKYzliRwowcGRLSFlWQ0hyR2t4eWdwbDZVL1drVW1JbFRMQWdNQkFBR2pXVEJYTUE0R0ExVWREd0VCL3dRRUF3SUNwREFQCkJnTlZIUk1CQWY4RUJUQURBUUgvTUIwR0ExVWREZ1FXQkJTc3Z4NFMvRWhkS1UrdzR5QU1TRmVKdjJhYkxqQVYKQmdOVkhSRUVEakFNZ2dwcmRXSmxjbTVsZEdWek1BMEdDU3FHU0liM0RRRUJDd1VBQTRJQkFRQU9EVGJXVnpBNApqOEhhS1BLODBBTjVFdlcwZk54R29vNjd3RGpPL1dZWFJLUzgwVFBoUTJvUjdYRnBTRHJLOHZEeitmTmZJWk14CnNQclhJdXNRenc0dE9tUW1Wa2h2Y1premhnYVppa3JYaE8zVXpZc0IwYzJrdXNzSmswTnNVb0dlSXcxMUQvNDYKSEo2MGlKcllVbVFZMzRXYThQVjQxM1FpYWRCaDhIdnA1UEZ1QkZoWi9oTjBwUFQyMisxbFpxSWZVT1lVbkJlWgpBS1poSHhzNnRjYlNURGJGSGhvUzMxcSsyTlJSNmREbzBuek9NM1h0VVRHa2ZHREVpTXNuRzQyT0NRdVIyQWNiCm1BcWFCOUQ4SGRKc215UEJSZ0ZWU2xneHdNUE9aS1kweTB3YlY1TVRpenZhaVVUdWI0RVB0OXl0ZzhTMEJPOXQKdzhxL0lkZjdON0RSCi0tLS0tRU5EIENFUlRJRklDQVRFLS0tLS0K"
              }
            ],
            "cluster_id": null,
            "created_at": "2023-11-20 18:13:05.663 +0000 UTC",
            "enabled_cluster_log_types": [
              "api",
              "audit",
              "authenticator",
              "controllerManager",
              "scheduler"
            ],
            "encryption_config": [
              {
                "provider": [
                  {
                    "key_arn": "arn:aws:kms:us-east-2:574137357818:key/ec3458d7-f2e9-47b2-965a-abc4ee46a2c1"
                  }
                ],
                "resources": [
                  "secrets"
                ]
              }
            ],
            "endpoint": "https://F3FBBA4AE3F3896A79A4D376ABD169ED.gr7.us-east-2.eks.amazonaws.com",
            "id": "gabrielmaneraworkshop-eks-cluster",
            "identity": [
              {
                "oidc": [
                  {
                    "issuer": "https://oidc.eks.us-east-2.amazonaws.com/id/F3FBBA4AE3F3896A79A4D376ABD169ED"
                  }
                ]
              }
            ],
            "kubernetes_network_config": [
              {
                "ip_family": "ipv4",
                "service_ipv4_cidr": "172.20.0.0/16",
                "service_ipv6_cidr": ""
              }
            ],
            "name": "gabrielmaneraworkshop-eks-cluster",
            "outpost_config": [],
            "platform_version": "eks.4",
            "role_arn": "arn:aws:iam::574137357818:role/gabrielmaneraworkshop-eks-cluster-role",
            "status": "ACTIVE",
            "tags": {},
            "tags_all": {},
            "timeouts": null,
            "version": "1.28",
            "vpc_config": [
              {
                "cluster_security_group_id": "sg-0ec18f316d9652e01",
                "endpoint_private_access": false,
                "endpoint_public_access": true,
                "public_access_cidrs": [
                  "0.0.0.0/0"
                ],
                "security_group_ids": [],
                "subnet_ids": [
                  "subnet-03463f2fb0791053b",
                  "subnet-075fa9f537ca1ee77"
                ],
                "vpc_id": "vpc-0be3a094d093fa835"
              }
            ]
          },
          "sensitive_attributes": [],
          "private": "eyJlMmJmYjczMC1lY2FhLTExZTYtOGY4OC0zNDM2M2JjN2M0YzAiOnsiY3JlYXRlIjoxODAwMDAwMDAwMDAwLCJkZWxldGUiOjkwMDAwMDAwMDAwMCwidXBkYXRlIjozNjAwMDAwMDAwMDAwfX0=",
          "dependencies": [
            "module.eks.aws_cloudwatch_log_group.logging",
            "module.iam.aws_iam_role.eks_cluster",
            "module.kms.aws_kms_key.eks_encryption",
            "module.vpc.aws_subnet.private_subnet",
            "module.vpc.aws_subnet.public_subnet",
            "module.vpc.aws_vpc.vpc"
          ]
        }
      ]
    },
    {
      "module": "module.eks",
      "mode": "managed",
      "type": "kubernetes_persistent_volume",
      "name": "projects-awx-eks-pv",
      "provider": "provider[\"registry.terraform.io/hashicorp/kubernetes\"]",
      "instances": [
        {
          "schema_version": 0,
          "attributes": {
            "id": "projects-awx-eks-pv",
            "metadata": [
              {
                "annotations": {},
                "generation": 0,
                "labels": {},
                "name": "projects-awx-eks-pv",
                "resource_version": "19735",
                "uid": "dd942d09-3f2d-4938-b8c8-ee8ce277685b"
              }
            ],
            "spec": [
              {
                "access_modes": [
                  "ReadWriteOnce"
                ],
                "capacity": {
                  "storage": "5Gi"
                },
                "claim_ref": [
                  {
                    "name": "postgres-13-awx-eks-postgres-13-0",
                    "namespace": "default"
                  }
                ],
                "mount_options": [],
                "node_affinity": [],
                "persistent_volume_reclaim_policy": "Retain",
                "persistent_volume_source": [
                  {
                    "aws_elastic_block_store": [
                      {
                        "fs_type": "",
                        "partition": 0,
                        "read_only": false,
                        "volume_id": "vol-03da4a92fe20cd030"
                      }
                    ],
                    "azure_disk": [],
                    "azure_file": [],
                    "ceph_fs": [],
                    "cinder": [],
                    "csi": [],
                    "fc": [],
                    "flex_volume": [],
                    "flocker": [],
                    "gce_persistent_disk": [],
                    "glusterfs": [],
                    "host_path": [],
                    "iscsi": [],
                    "local": [],
                    "nfs": [],
                    "photon_persistent_disk": [],
                    "quobyte": [],
                    "rbd": [],
                    "vsphere_volume": []
                  }
                ],
                "storage_class_name": "gp2",
                "volume_mode": "Filesystem"
              }
            ],
            "timeouts": null
          },
          "sensitive_attributes": [],
          "private": "eyJlMmJmYjczMC1lY2FhLTExZTYtOGY4OC0zNDM2M2JjN2M0YzAiOnsiY3JlYXRlIjozMDAwMDAwMDAwMDB9fQ==",
          "dependencies": [
            "module.eks.aws_cloudwatch_log_group.logging",
            "module.eks.aws_ebs_volume.pv-awx-eks-project",
            "module.eks.aws_eks_cluster.eks_cluster",
            "module.iam.aws_iam_role.eks_cluster",
            "module.kms.aws_kms_key.eks_encryption",
            "module.vpc.aws_subnet.private_subnet",
            "module.vpc.aws_subnet.public_subnet",
            "module.vpc.aws_vpc.vpc"
          ]
        }
      ]
    },
    {
      "module": "module.iam",
      "mode": "managed",
      "type": "aws_iam_role",
      "name": "eks_cluster",
      "provider": "provider[\"registry.terraform.io/hashicorp/aws\"]",
      "instances": [
        {
          "schema_version": 0,
          "attributes": {
            "arn": "arn:aws:iam::574137357818:role/gabrielmaneraworkshop-eks-cluster-role",
            "assume_role_policy": "{\"Statement\":[{\"Action\":\"sts:AssumeRole\",\"Effect\":\"Allow\",\"Principal\":{\"Service\":\"eks.amazonaws.com\"}}],\"Version\":\"2012-10-17\"}",
            "create_date": "2023-11-20T18:12:38Z",
            "description": "",
            "force_detach_policies": false,
            "id": "gabrielmaneraworkshop-eks-cluster-role",
            "inline_policy": [],
            "managed_policy_arns": [
              "arn:aws:iam::aws:policy/AmazonEKSClusterPolicy",
              "arn:aws:iam::aws:policy/AmazonEKSVPCResourceController"
            ],
            "max_session_duration": 3600,
            "name": "gabrielmaneraworkshop-eks-cluster-role",
            "name_prefix": "",
            "path": "/",
            "permissions_boundary": "",
            "tags": {},
            "tags_all": {},
            "unique_id": "AROAYLLKA2X5MLPOY7COY"
          },
          "sensitive_attributes": [],
          "private": "bnVsbA=="
        }
      ]
    },
    {
      "module": "module.kms",
      "mode": "managed",
      "type": "aws_kms_key",
      "name": "eks_encryption",
      "provider": "provider[\"registry.terraform.io/hashicorp/aws\"]",
      "instances": [
        {
          "schema_version": 0,
          "attributes": {
            "arn": "arn:aws:kms:us-east-2:574137357818:key/ec3458d7-f2e9-47b2-965a-abc4ee46a2c1",
            "bypass_policy_lockout_safety_check": false,
            "custom_key_store_id": "",
            "customer_master_key_spec": "SYMMETRIC_DEFAULT",
            "deletion_window_in_days": 10,
            "description": "KMS key for EKS secrets encryption",
            "enable_key_rotation": true,
            "id": "ec3458d7-f2e9-47b2-965a-abc4ee46a2c1",
            "is_enabled": true,
            "key_id": "ec3458d7-f2e9-47b2-965a-abc4ee46a2c1",
            "key_usage": "ENCRYPT_DECRYPT",
            "multi_region": false,
            "policy": "{\"Id\":\"key-default-1\",\"Statement\":[{\"Action\":\"kms:*\",\"Effect\":\"Allow\",\"Principal\":{\"AWS\":\"arn:aws:iam::574137357818:root\"},\"Resource\":\"*\",\"Sid\":\"Enable IAM User Permissions\"}],\"Version\":\"2012-10-17\"}",
            "tags": {},
            "tags_all": {},
            "timeouts": null
          },
          "sensitive_attributes": [],
          "private": "eyJlMmJmYjczMC1lY2FhLTExZTYtOGY4OC0zNDM2M2JjN2M0YzAiOnsiY3JlYXRlIjoxMjAwMDAwMDAwMDB9fQ=="
        }
      ]
    },
    {
      "module": "module.vpc",
      "mode": "managed",
      "type": "aws_subnet",
      "name": "private_subnet",
      "provider": "provider[\"registry.terraform.io/hashicorp/aws\"]",
      "instances": [
        {
          "schema_version": 1,
          "attributes": {
            "arn": "arn:aws:ec2:us-east-2:574137357818:subnet/subnet-03463f2fb0791053b",
            "assign_ipv6_address_on_creation": false,
            "availability_zone": "us-east-2b",
            "availability_zone_id": "use2-az2",
            "cidr_block": "10.0.2.0/24",
            "customer_owned_ipv4_pool": "",
            "enable_dns64": false,
            "enable_lni_at_device_index": 0,
            "enable_resource_name_dns_a_record_on_launch": false,
            "enable_resource_name_dns_aaaa_record_on_launch": false,
            "id": "subnet-03463f2fb0791053b",
            "ipv6_cidr_block": "",
            "ipv6_cidr_block_association_id": "",
            "ipv6_native": false,
            "map_customer_owned_ip_on_launch": false,
            "map_public_ip_on_launch": false,
            "outpost_arn": "",
            "owner_id": "574137357818",
            "private_dns_hostname_type_on_launch": "ip-name",
            "tags": {
              "Name": "gabrielmaneraworkshop-private-subnet"
            },
            "tags_all": {
              "Name": "gabrielmaneraworkshop-private-subnet"
            },
            "timeouts": null,
            "vpc_id": "vpc-0be3a094d093fa835"
          },
          "sensitive_attributes": [],
          "private": "eyJlMmJmYjczMC1lY2FhLTExZTYtOGY4OC0zNDM2M2JjN2M0YzAiOnsiY3JlYXRlIjo2MDAwMDAwMDAwMDAsImRlbGV0ZSI6MTIwMDAwMDAwMDAwMH0sInNjaGVtYV92ZXJzaW9uIjoiMSJ9",
          "dependencies": [
            "module.vpc.aws_vpc.vpc"
          ]
        }
      ]
    },
    {
      "module": "module.vpc",
      "mode": "managed",
      "type": "aws_subnet",
      "name": "public_subnet",
      "provider": "provider[\"registry.terraform.io/hashicorp/aws\"]",
      "instances": [
        {
          "schema_version": 1,
          "attributes": {
            "arn": "arn:aws:ec2:us-east-2:574137357818:subnet/subnet-075fa9f537ca1ee77",
            "assign_ipv6_address_on_creation": false,
            "availability_zone": "us-east-2a",
            "availability_zone_id": "use2-az1",
            "cidr_block": "10.0.1.0/24",
            "customer_owned_ipv4_pool": "",
            "enable_dns64": false,
            "enable_lni_at_device_index": 0,
            "enable_resource_name_dns_a_record_on_launch": false,
            "enable_resource_name_dns_aaaa_record_on_launch": false,
            "id": "subnet-075fa9f537ca1ee77",
            "ipv6_cidr_block": "",
            "ipv6_cidr_block_association_id": "",
            "ipv6_native": false,
            "map_customer_owned_ip_on_launch": false,
            "map_public_ip_on_launch": true,
            "outpost_arn": "",
            "owner_id": "574137357818",
            "private_dns_hostname_type_on_launch": "ip-name",
            "tags": {
              "Name": "gabrielmaneraworkshop-public-subnet"
            },
            "tags_all": {
              "Name": "gabrielmaneraworkshop-public-subnet"
            },
            "timeouts": null,
            "vpc_id": "vpc-0be3a094d093fa835"
          },
          "sensitive_attributes": [],
          "private": "eyJlMmJmYjczMC1lY2FhLTExZTYtOGY4OC0zNDM2M2JjN2M0YzAiOnsiY3JlYXRlIjo2MDAwMDAwMDAwMDAsImRlbGV0ZSI6MTIwMDAwMDAwMDAwMH0sInNjaGVtYV92ZXJzaW9uIjoiMSJ9",
          "dependencies": [
            "module.vpc.aws_vpc.vpc"
          ]
        }
      ]
    },
    {
      "module": "module.vpc",
      "mode": "managed",
      "type": "aws_vpc",
      "name": "vpc",
      "provider": "provider[\"registry.terraform.io/hashicorp/aws\"]",
      "instances": [
        {
          "schema_version": 1,
          "attributes": {
            "arn": "arn:aws:ec2:us-east-2:574137357818:vpc/vpc-0be3a094d093fa835",
            "assign_generated_ipv6_cidr_block": false,
            "cidr_block": "10.0.0.0/16",
            "default_network_acl_id": "acl-061d8a92ba72f49c8",
            "default_route_table_id": "rtb-064b92f55497a24fc",
            "default_security_group_id": "sg-005f9bb278ca457ed",
            "dhcp_options_id": "dopt-07edb5c0da35956a9",
            "enable_dns_hostnames": true,
            "enable_dns_support": true,
            "enable_network_address_usage_metrics": false,
            "id": "vpc-0be3a094d093fa835",
            "instance_tenancy": "default",
            "ipv4_ipam_pool_id": null,
            "ipv4_netmask_length": null,
            "ipv6_association_id": "",
            "ipv6_cidr_block": "",
            "ipv6_cidr_block_network_border_group": "",
            "ipv6_ipam_pool_id": "",
            "ipv6_netmask_length": 0,
            "main_route_table_id": "rtb-064b92f55497a24fc",
            "owner_id": "574137357818",
            "tags": {
              "Name": "gabrielmaneraworkshop-vpc"
            },
            "tags_all": {
              "Name": "gabrielmaneraworkshop-vpc"
            }
          },
          "sensitive_attributes": [],
          "private": "eyJzY2hlbWFfdmVyc2lvbiI6IjEifQ==",
          "create_before_destroy": true
        }
      ]
    }
  ],
  "check_results": null
}
