{
  "version": 4,
  "terraform_version": "1.6.3",
  "serial": 80,
  "lineage": "f5c1f2c6-d0b1-eb63-bd34-c10a22bfe025",
  "outputs": {},
  "resources": [
    {
      "module": "module.eks",
      "mode": "managed",
      "type": "aws_eks_cluster",
      "name": "eks_cluster",
      "provider": "provider[\"registry.terraform.io/hashicorp/aws\"]",
      "instances": [
        {
          "schema_version": 0,
          "attributes": {
            "arn": "arn:aws:eks:us-east-2:574137357818:cluster/gabrielmaneraworkshop-eks-cluster",
            "certificate_authority": [
              {
                "data": "LS0tLS1CRUdJTiBDRVJUSUZJQ0FURS0tLS0tCk1JSURCVENDQWUyZ0F3SUJBZ0lJUTNidXA5VWt6c1F3RFFZSktvWklodmNOQVFFTEJRQXdGVEVUTUJFR0ExVUUKQXhNS2EzVmlaWEp1WlhSbGN6QWVGdzB5TXpFeE1UWXhPREUxTURSYUZ3MHpNekV4TVRNeE9ESXdNRFJhTUJVeApFekFSQmdOVkJBTVRDbXQxWW1WeWJtVjBaWE13Z2dFaU1BMEdDU3FHU0liM0RRRUJBUVVBQTRJQkR3QXdnZ0VLCkFvSUJBUUMzdk1tT1lyS2M4NXpRMVozUHBpRGVJVlZZQ3FBOXVNVktxT0l6WmJ0MXRRZUorSlpnb1hQdEo5ZW0KbWlJbVFRT2tKN1F2TlV0U01UK21KZHE4anNWM01yT0p1THlHczBETVo5Q0o1cVJ4V1lVdDV4ams1cm9Qdjl3bwp1R0FObEwxQWFYWGV5WXpxRTJabFlVRlYwak1yeE11b2QvbWpmMWJndkluc2hLME1QanR1c214Q0djdGQrTmw2CnRVcjlZQ3ovNUpUOFZXam93ci90U3plY05ScktPTytKMGlmODJUbW5Yb21PTmJqaFYvWjM4RDFTQkFQaHgwN2UKK0I0U2JTWDBrT3VzUXBQSitGNVVBUFo0Z2ZKNTJwWHppeFJWN1crKzV3R1BFY3NuWGZXL1VreHVJdk5KM0kvWQpSZjg1aG1VV3dzS0RaSkx0VEhHMDVwNFFVb2hmQWdNQkFBR2pXVEJYTUE0R0ExVWREd0VCL3dRRUF3SUNwREFQCkJnTlZIUk1CQWY4RUJUQURBUUgvTUIwR0ExVWREZ1FXQkJUOTdEeU9CODZOSDdLN2V1eVFjOG5pdSt1b0xUQVYKQmdOVkhSRUVEakFNZ2dwcmRXSmxjbTVsZEdWek1BMEdDU3FHU0liM0RRRUJDd1VBQTRJQkFRQlZDS3lzMVBLbgpmWW53WlhuYXVyazZHUkFjRzlrQ1hKbnEydjFwRjhCOUxOZmNTVUtaUmRzd0pocFlRSXBDZ1JNZGYwNFMyVlpQCjZaL2llT1FkUUxxYkFZWkc0Ni81aTNOWjdJZ3FyNDBoSVJCeGdhNExkVlpmY2kzbUZ6R2wyT2V5WHhWdVZBR2UKcDdndXgzcGxPU2FkNGljYU1oSlZoYisxLzVjbFpZTmEydm1yN1k4dFlnTnlZbzNrdnlrcmhrWDhLUHQrWFdFSApCaWIwbndIdFE0QWhremQzcDdDSVQxQ2RRYWxHL3pqdXpkVS9mcTlvSWJSTGNCeTZZNVpFSlNZYkk2S2pnWkxtCm13T0VweHJEVldxWXROZTRHekR1RXp4MnorNDJqZDdmWnlWa01vUWRLbHNkZjBaRXhCaStlMCtwMktEUTBvUUMKekorSFVheStGbm91Ci0tLS0tRU5EIENFUlRJRklDQVRFLS0tLS0K"
              }
            ],
            "cluster_id": null,
            "created_at": "2023-11-16 18:15:51.145 +0000 UTC",
            "enabled_cluster_log_types": [],
            "encryption_config": [
              {
                "provider": [
                  {
                    "key_arn": "arn:aws:kms:us-east-2:574137357818:key/89f7834f-c169-4873-a985-658af71fafc7"
                  }
                ],
                "resources": [
                  "secrets"
                ]
              }
            ],
            "endpoint": "https://574C85576F0C9E84A748FC64C1BB98A8.gr7.us-east-2.eks.amazonaws.com",
            "id": "gabrielmaneraworkshop-eks-cluster",
            "identity": [
              {
                "oidc": [
                  {
                    "issuer": "https://oidc.eks.us-east-2.amazonaws.com/id/574C85576F0C9E84A748FC64C1BB98A8"
                  }
                ]
              }
            ],
            "kubernetes_network_config": [
              {
                "ip_family": "ipv4",
                "service_ipv4_cidr": "172.20.0.0/16",
                "service_ipv6_cidr": ""
              }
            ],
            "name": "gabrielmaneraworkshop-eks-cluster",
            "outpost_config": [],
            "platform_version": "eks.4",
            "role_arn": "arn:aws:iam::574137357818:role/gabrielmaneraworkshop-eks-cluster-role",
            "status": "ACTIVE",
            "tags": {},
            "tags_all": {},
            "timeouts": null,
            "version": "1.28",
            "vpc_config": [
              {
                "cluster_security_group_id": "sg-0ecf468355134e1fa",
                "endpoint_private_access": false,
                "endpoint_public_access": true,
                "public_access_cidrs": [
                  "0.0.0.0/0"
                ],
                "security_group_ids": [],
                "subnet_ids": [
                  "subnet-01dea0108497ad8ac",
                  "subnet-0f3830b34c138490a"
                ],
                "vpc_id": "vpc-043c0f9744d0577cb"
              }
            ]
          },
          "sensitive_attributes": [],
          "private": "eyJlMmJmYjczMC1lY2FhLTExZTYtOGY4OC0zNDM2M2JjN2M0YzAiOnsiY3JlYXRlIjoxODAwMDAwMDAwMDAwLCJkZWxldGUiOjkwMDAwMDAwMDAwMCwidXBkYXRlIjozNjAwMDAwMDAwMDAwfX0=",
          "dependencies": [
            "module.eks.aws_iam_role.eks_cluster",
            "module.eks.aws_kms_key.eks_encryption",
            "module.iam.aws_iam_role.eks_cluster",
            "module.kms.aws_kms_key.eks_encryption",
            "module.vpc.aws_subnet.private_subnet",
            "module.vpc.aws_subnet.public_subnet",
            "module.vpc.aws_vpc.vpc"
          ]
        }
      ]
    },
    {
      "module": "module.eks",
      "mode": "managed",
      "type": "aws_eks_node_group",
      "name": "node_group",
      "provider": "provider[\"registry.terraform.io/hashicorp/aws\"]",
      "instances": [
        {
          "status": "tainted",
          "schema_version": 0,
          "attributes": {
            "ami_type": "AL2_x86_64",
            "arn": "arn:aws:eks:us-east-2:574137357818:nodegroup/gabrielmaneraworkshop-eks-cluster/gabrielmaneraworkshop-eks-node-group/32c5ecaf-731a-e67c-696d-e47276251047",
            "capacity_type": "ON_DEMAND",
            "cluster_name": "gabrielmaneraworkshop-eks-cluster",
            "disk_size": 20,
            "force_update_version": null,
            "id": "gabrielmaneraworkshop-eks-cluster:gabrielmaneraworkshop-eks-node-group",
            "instance_types": [
              "t3.micro"
            ],
            "labels": {},
            "launch_template": [],
            "node_group_name": "gabrielmaneraworkshop-eks-node-group",
            "node_group_name_prefix": "",
            "node_role_arn": "arn:aws:iam::574137357818:role/gabrielmaneraworkshop-eks-node-role",
            "release_version": "1.28.3-20231106",
            "remote_access": [],
            "resources": [
              {
                "autoscaling_groups": [
                  {
                    "name": "eks-gabrielmaneraworkshop-eks-node-group-32c5ecaf-731a-e67c-696d-e47276251047"
                  }
                ],
                "remote_access_security_group_id": ""
              }
            ],
            "scaling_config": [
              {
                "desired_size": 2,
                "max_size": 2,
                "min_size": 1
              }
            ],
            "status": "CREATE_FAILED",
            "subnet_ids": [
              "subnet-01dea0108497ad8ac",
              "subnet-0f3830b34c138490a"
            ],
            "tags": {},
            "tags_all": {},
            "taint": [],
            "timeouts": null,
            "update_config": [
              {
                "max_unavailable": 1,
                "max_unavailable_percentage": 0
              }
            ],
            "version": "1.28"
          },
          "sensitive_attributes": [],
          "private": "eyJlMmJmYjczMC1lY2FhLTExZTYtOGY4OC0zNDM2M2JjN2M0YzAiOnsiY3JlYXRlIjozNjAwMDAwMDAwMDAwLCJkZWxldGUiOjM2MDAwMDAwMDAwMDAsInVwZGF0ZSI6MzYwMDAwMDAwMDAwMH19",
          "dependencies": [
            "module.eks.aws_eks_cluster.eks_cluster",
            "module.eks.aws_iam_role.eks_cluster",
            "module.eks.aws_iam_role.eks_node",
            "module.eks.aws_kms_key.eks_encryption",
            "module.eks.data.aws_ssm_parameter.eks_ami_release_version",
            "module.iam.aws_iam_role.eks_cluster",
            "module.iam.aws_iam_role.eks_node",
            "module.kms.aws_kms_key.eks_encryption",
            "module.vpc.aws_subnet.private_subnet",
            "module.vpc.aws_subnet.public_subnet",
            "module.vpc.aws_vpc.vpc"
          ]
        }
      ]
    },
    {
      "module": "module.eks",
      "mode": "managed",
      "type": "aws_iam_role",
      "name": "eks_cluster",
      "provider": "provider[\"registry.terraform.io/hashicorp/aws\"]",
      "instances": [
        {
          "schema_version": 0,
          "attributes": {
            "arn": "arn:aws:iam::574137357818:role/gabrielmaneraworkshop-eks-cluster-role",
            "assume_role_policy": "{\"Statement\":[{\"Action\":\"sts:AssumeRole\",\"Effect\":\"Allow\",\"Principal\":{\"Service\":\"eks.amazonaws.com\"}}],\"Version\":\"2012-10-17\"}",
            "create_date": "2023-11-16T18:15:24Z",
            "description": "",
            "force_detach_policies": false,
            "id": "gabrielmaneraworkshop-eks-cluster-role",
            "inline_policy": [],
            "managed_policy_arns": [
              "arn:aws:iam::aws:policy/AmazonEKSClusterPolicy",
              "arn:aws:iam::aws:policy/AmazonEKSVPCResourceController"
            ],
            "max_session_duration": 3600,
            "name": "gabrielmaneraworkshop-eks-cluster-role",
            "name_prefix": "",
            "path": "/",
            "permissions_boundary": "",
            "tags": {},
            "tags_all": {},
            "unique_id": "AROAYLLKA2X5PPWBZHY2E"
          },
          "sensitive_attributes": [],
          "private": "bnVsbA=="
        }
      ]
    },
    {
      "module": "module.eks",
      "mode": "managed",
      "type": "aws_iam_role",
      "name": "eks_node",
      "provider": "provider[\"registry.terraform.io/hashicorp/aws\"]",
      "instances": [
        {
          "schema_version": 0,
          "attributes": {
            "arn": "arn:aws:iam::574137357818:role/gabrielmaneraworkshop-eks-node-role",
            "assume_role_policy": "{\"Statement\":[{\"Action\":\"sts:AssumeRole\",\"Effect\":\"Allow\",\"Principal\":{\"Service\":\"ec2.amazonaws.com\"}}],\"Version\":\"2012-10-17\"}",
            "create_date": "2023-11-16T18:15:24Z",
            "description": "",
            "force_detach_policies": false,
            "id": "gabrielmaneraworkshop-eks-node-role",
            "inline_policy": [],
            "managed_policy_arns": [
              "arn:aws:iam::aws:policy/AmazonEC2ContainerRegistryReadOnly",
              "arn:aws:iam::aws:policy/AmazonEKSWorkerNodePolicy",
              "arn:aws:iam::aws:policy/AmazonEKS_CNI_Policy"
            ],
            "max_session_duration": 3600,
            "name": "gabrielmaneraworkshop-eks-node-role",
            "name_prefix": "",
            "path": "/",
            "permissions_boundary": "",
            "tags": {},
            "tags_all": {},
            "unique_id": "AROAYLLKA2X5J5AOZYYGK"
          },
          "sensitive_attributes": [],
          "private": "bnVsbA=="
        }
      ]
    },
    {
      "module": "module.eks",
      "mode": "managed",
      "type": "aws_kms_key",
      "name": "eks_encryption",
      "provider": "provider[\"registry.terraform.io/hashicorp/aws\"]",
      "instances": [
        {
          "schema_version": 0,
          "attributes": {
            "arn": "arn:aws:kms:us-east-2:574137357818:key/89f7834f-c169-4873-a985-658af71fafc7",
            "bypass_policy_lockout_safety_check": false,
            "custom_key_store_id": "",
            "customer_master_key_spec": "SYMMETRIC_DEFAULT",
            "deletion_window_in_days": 10,
            "description": "KMS key for EKS secrets encryption",
            "enable_key_rotation": true,
            "id": "89f7834f-c169-4873-a985-658af71fafc7",
            "is_enabled": true,
            "key_id": "89f7834f-c169-4873-a985-658af71fafc7",
            "key_usage": "ENCRYPT_DECRYPT",
            "multi_region": false,
            "policy": "{\"Id\":\"key-default-1\",\"Statement\":[{\"Action\":\"kms:*\",\"Effect\":\"Allow\",\"Principal\":{\"AWS\":\"arn:aws:iam::574137357818:root\"},\"Resource\":\"*\",\"Sid\":\"Enable IAM User Permissions\"}],\"Version\":\"2012-10-17\"}",
            "tags": {},
            "tags_all": {},
            "timeouts": null
          },
          "sensitive_attributes": [],
          "private": "eyJlMmJmYjczMC1lY2FhLTExZTYtOGY4OC0zNDM2M2JjN2M0YzAiOnsiY3JlYXRlIjoxMjAwMDAwMDAwMDB9fQ=="
        }
      ]
    },
    {
      "module": "module.vpc",
      "mode": "managed",
      "type": "aws_subnet",
      "name": "private_subnet",
      "provider": "provider[\"registry.terraform.io/hashicorp/aws\"]",
      "instances": [
        {
          "schema_version": 1,
          "attributes": {
            "arn": "arn:aws:ec2:us-east-2:574137357818:subnet/subnet-01dea0108497ad8ac",
            "assign_ipv6_address_on_creation": false,
            "availability_zone": "us-east-2b",
            "availability_zone_id": "use2-az2",
            "cidr_block": "10.0.2.0/24",
            "customer_owned_ipv4_pool": "",
            "enable_dns64": false,
            "enable_lni_at_device_index": 0,
            "enable_resource_name_dns_a_record_on_launch": false,
            "enable_resource_name_dns_aaaa_record_on_launch": false,
            "id": "subnet-01dea0108497ad8ac",
            "ipv6_cidr_block": "",
            "ipv6_cidr_block_association_id": "",
            "ipv6_native": false,
            "map_customer_owned_ip_on_launch": false,
            "map_public_ip_on_launch": false,
            "outpost_arn": "",
            "owner_id": "574137357818",
            "private_dns_hostname_type_on_launch": "ip-name",
            "tags": {
              "Name": "gabrielmaneraworkshop-private-subnet"
            },
            "tags_all": {
              "Name": "gabrielmaneraworkshop-private-subnet"
            },
            "timeouts": null,
            "vpc_id": "vpc-043c0f9744d0577cb"
          },
          "sensitive_attributes": [],
          "private": "eyJlMmJmYjczMC1lY2FhLTExZTYtOGY4OC0zNDM2M2JjN2M0YzAiOnsiY3JlYXRlIjo2MDAwMDAwMDAwMDAsImRlbGV0ZSI6MTIwMDAwMDAwMDAwMH0sInNjaGVtYV92ZXJzaW9uIjoiMSJ9",
          "dependencies": [
            "module.vpc.aws_vpc.vpc"
          ]
        }
      ]
    },
    {
      "module": "module.vpc",
      "mode": "managed",
      "type": "aws_subnet",
      "name": "public_subnet",
      "provider": "provider[\"registry.terraform.io/hashicorp/aws\"]",
      "instances": [
        {
          "schema_version": 1,
          "attributes": {
            "arn": "arn:aws:ec2:us-east-2:574137357818:subnet/subnet-0f3830b34c138490a",
            "assign_ipv6_address_on_creation": false,
            "availability_zone": "us-east-2a",
            "availability_zone_id": "use2-az1",
            "cidr_block": "10.0.1.0/24",
            "customer_owned_ipv4_pool": "",
            "enable_dns64": false,
            "enable_lni_at_device_index": 0,
            "enable_resource_name_dns_a_record_on_launch": false,
            "enable_resource_name_dns_aaaa_record_on_launch": false,
            "id": "subnet-0f3830b34c138490a",
            "ipv6_cidr_block": "",
            "ipv6_cidr_block_association_id": "",
            "ipv6_native": false,
            "map_customer_owned_ip_on_launch": false,
            "map_public_ip_on_launch": true,
            "outpost_arn": "",
            "owner_id": "574137357818",
            "private_dns_hostname_type_on_launch": "ip-name",
            "tags": {
              "Name": "gabrielmaneraworkshop-public-subnet"
            },
            "tags_all": {
              "Name": "gabrielmaneraworkshop-public-subnet"
            },
            "timeouts": null,
            "vpc_id": "vpc-043c0f9744d0577cb"
          },
          "sensitive_attributes": [],
          "private": "eyJlMmJmYjczMC1lY2FhLTExZTYtOGY4OC0zNDM2M2JjN2M0YzAiOnsiY3JlYXRlIjo2MDAwMDAwMDAwMDAsImRlbGV0ZSI6MTIwMDAwMDAwMDAwMH0sInNjaGVtYV92ZXJzaW9uIjoiMSJ9",
          "dependencies": [
            "module.vpc.aws_vpc.vpc"
          ]
        }
      ]
    },
    {
      "module": "module.vpc",
      "mode": "managed",
      "type": "aws_vpc",
      "name": "vpc",
      "provider": "provider[\"registry.terraform.io/hashicorp/aws\"]",
      "instances": [
        {
          "schema_version": 1,
          "attributes": {
            "arn": "arn:aws:ec2:us-east-2:574137357818:vpc/vpc-043c0f9744d0577cb",
            "assign_generated_ipv6_cidr_block": false,
            "cidr_block": "10.0.0.0/16",
            "default_network_acl_id": "acl-066f89620ab3a1601",
            "default_route_table_id": "rtb-01ca031402b868640",
            "default_security_group_id": "sg-09d4451970c500f22",
            "dhcp_options_id": "dopt-07edb5c0da35956a9",
            "enable_dns_hostnames": true,
            "enable_dns_support": true,
            "enable_network_address_usage_metrics": false,
            "id": "vpc-043c0f9744d0577cb",
            "instance_tenancy": "default",
            "ipv4_ipam_pool_id": null,
            "ipv4_netmask_length": null,
            "ipv6_association_id": "",
            "ipv6_cidr_block": "",
            "ipv6_cidr_block_network_border_group": "",
            "ipv6_ipam_pool_id": "",
            "ipv6_netmask_length": 0,
            "main_route_table_id": "rtb-01ca031402b868640",
            "owner_id": "574137357818",
            "tags": {
              "Name": "gabrielmaneraworkshop-vpc"
            },
            "tags_all": {
              "Name": "gabrielmaneraworkshop-vpc"
            }
          },
          "sensitive_attributes": [],
          "private": "eyJzY2hlbWFfdmVyc2lvbiI6IjEifQ==",
          "create_before_destroy": true
        }
      ]
    }
  ],
  "check_results": null
}
