{
  "version": 4,
  "terraform_version": "1.6.3",
  "serial": 697,
  "lineage": "f5c1f2c6-d0b1-eb63-bd34-c10a22bfe025",
  "outputs": {},
  "resources": [
    {
      "module": "module.eks",
      "mode": "managed",
      "type": "aws_cloudwatch_log_group",
      "name": "logging",
      "provider": "provider[\"registry.terraform.io/hashicorp/aws\"]",
      "instances": [
        {
          "schema_version": 0,
          "attributes": {
            "arn": "arn:aws:logs:us-east-2:574137357818:log-group:gabrielmaneraworkshop-eks-cluster",
            "id": "gabrielmaneraworkshop-eks-cluster",
            "kms_key_id": "",
            "name": "gabrielmaneraworkshop-eks-cluster",
            "name_prefix": "",
            "retention_in_days": 1,
            "skip_destroy": false,
            "tags": {},
            "tags_all": {}
          },
          "sensitive_attributes": [],
          "private": "bnVsbA=="
        }
      ]
    },
    {
      "module": "module.eks",
      "mode": "managed",
      "type": "aws_eks_cluster",
      "name": "eks_cluster",
      "provider": "provider[\"registry.terraform.io/hashicorp/aws\"]",
      "instances": [
        {
          "schema_version": 0,
          "attributes": {
            "arn": "arn:aws:eks:us-east-2:574137357818:cluster/gabrielmaneraworkshop-eks-cluster",
            "certificate_authority": [
              {
                "data": "LS0tLS1CRUdJTiBDRVJUSUZJQ0FURS0tLS0tCk1JSURCVENDQWUyZ0F3SUJBZ0lJQzk0T25nd2ZUVUl3RFFZSktvWklodmNOQVFFTEJRQXdGVEVUTUJFR0ExVUUKQXhNS2EzVmlaWEp1WlhSbGN6QWVGdzB5TXpFeE1qUXhOREkwTWpCYUZ3MHpNekV4TWpFeE5ESTVNakJhTUJVeApFekFSQmdOVkJBTVRDbXQxWW1WeWJtVjBaWE13Z2dFaU1BMEdDU3FHU0liM0RRRUJBUVVBQTRJQkR3QXdnZ0VLCkFvSUJBUUMwaHlHeEVieUk3WVZQVzI1M2c0VFpBRkpqbFlFc2YyNGZMTjR2dXhrNXo0WEJGdFY3ZHI4N21GMGYKVFl0QmxseGt3T0o3bkFpOWdUWFl5OXQvQnphV3hRSWE5ZE9mMEJYUTFZQ3lMSUhHN1V6Sm5teFYvRTBKMHI4TgpuUWhKa0Yxd3YvNU0xcnFYT0h6d2FOaThyeW91QmRHTTRaQjdSNWZWaWJwWWF1ZUd2VkJlVGFQeGRUNXQ4Y1lECkNiSklNU3ltL3I2dnlRak9peGhNT1R6b1luZy9OMUtZN0tKNWMwczBtWEJjWkVyUzdMR2YwZStaVTRTZEF4aDcKcGdWdkVIcmhGRTltODcrVE8wcjM3S0o2N3RtRkozaER4UTE0bks2SjhleXNwa0JTV2RreUlNOW56Wkx3TXFTQwpwOTJodXIwQ2ZiMUMwQzl6RHBwc2dQZ2w3bkoxQWdNQkFBR2pXVEJYTUE0R0ExVWREd0VCL3dRRUF3SUNwREFQCkJnTlZIUk1CQWY4RUJUQURBUUgvTUIwR0ExVWREZ1FXQkJRaWpXRUJOc2RtcHpkSERicXhTYjdRUnBINWxqQVYKQmdOVkhSRUVEakFNZ2dwcmRXSmxjbTVsZEdWek1BMEdDU3FHU0liM0RRRUJDd1VBQTRJQkFRQVJMUXJzUy9pQgpYdHA3QUhwN3lkTnI3YnYrWms3TFMxQk02dVh0eVhmZnBEZ0lRQnNxRllYbWVMQkpNTHZBeFM2RWpmT2R1RnorCmNHSEZERzdqZGwreDhnY2NDZmNGVzgvQnc0cnFJMW1GZnZzem8yeHBBTWhLYmU5dkxWcGdWREdlemJWeW1leU4KVEZuN2doREJoNjFQZHVxbkMxSWI1VTVhblEzSHVjNDNNbjhDaDljUGlhRHFlbU1ucThQRWhMOFo2d01EaVlrawpuQmwzdW9sSGQ3amFNVmYyMTZIWW1GRzhDc211RjExYklFS1RlQmFBbTFUcGJLSTM5cHNwT2xkN2VmTEp3ZnB5CkxjT2kxZm5ZanpwbmxPWVloMjhwVzI2UGNaV3E5ZXRnVm1YeEI3TnlrMTdUVjFnRzdJRGJnSXVWaTliZ1RFWncKUUZrZDI0OUJNbDEvCi0tLS0tRU5EIENFUlRJRklDQVRFLS0tLS0K"
              }
            ],
            "cluster_id": null,
            "created_at": "2023-11-24 14:24:18.765 +0000 UTC",
            "enabled_cluster_log_types": [
              "api",
              "audit",
              "authenticator",
              "controllerManager",
              "scheduler"
            ],
            "encryption_config": [
              {
                "provider": [
                  {
                    "key_arn": "arn:aws:kms:us-east-2:574137357818:key/bef09006-4afc-457e-918a-416013cf435a"
                  }
                ],
                "resources": [
                  "secrets"
                ]
              }
            ],
            "endpoint": "https://F4E39105FF56968EB05703443C1A438F.yl4.us-east-2.eks.amazonaws.com",
            "id": "gabrielmaneraworkshop-eks-cluster",
            "identity": [
              {
                "oidc": [
                  {
                    "issuer": "https://oidc.eks.us-east-2.amazonaws.com/id/F4E39105FF56968EB05703443C1A438F"
                  }
                ]
              }
            ],
            "kubernetes_network_config": [
              {
                "ip_family": "ipv4",
                "service_ipv4_cidr": "172.20.0.0/16",
                "service_ipv6_cidr": ""
              }
            ],
            "name": "gabrielmaneraworkshop-eks-cluster",
            "outpost_config": [],
            "platform_version": "eks.4",
            "role_arn": "arn:aws:iam::574137357818:role/gabrielmaneraworkshop-eks-cluster-role",
            "status": "ACTIVE",
            "tags": {},
            "tags_all": {},
            "timeouts": null,
            "version": "1.28",
            "vpc_config": [
              {
                "cluster_security_group_id": "sg-0617ccdb7c2e035cc",
                "endpoint_private_access": false,
                "endpoint_public_access": true,
                "public_access_cidrs": [
                  "0.0.0.0/0"
                ],
                "security_group_ids": [],
                "subnet_ids": [
                  "subnet-00e1244c1623bd90f",
                  "subnet-02330fe877d70da1e"
                ],
                "vpc_id": "vpc-0b7fd9a8c877d9c96"
              }
            ]
          },
          "sensitive_attributes": [],
          "private": "eyJlMmJmYjczMC1lY2FhLTExZTYtOGY4OC0zNDM2M2JjN2M0YzAiOnsiY3JlYXRlIjoxODAwMDAwMDAwMDAwLCJkZWxldGUiOjkwMDAwMDAwMDAwMCwidXBkYXRlIjozNjAwMDAwMDAwMDAwfX0=",
          "dependencies": [
            "module.eks.aws_cloudwatch_log_group.logging",
            "module.iam.aws_iam_role.eks_cluster",
            "module.kms.aws_kms_key.eks_encryption",
            "module.vpc.aws_subnet.private_subnet",
            "module.vpc.aws_subnet.public_subnet",
            "module.vpc.aws_vpc.vpc"
          ]
        }
      ]
    },
    {
      "module": "module.iam",
      "mode": "managed",
      "type": "aws_iam_policy",
      "name": "aws_lb_controller_policy",
      "provider": "provider[\"registry.terraform.io/hashicorp/aws\"]",
      "instances": [
        {
          "schema_version": 0,
          "attributes": {
            "arn": "arn:aws:iam::574137357818:policy/gabrielmaneraworkshop-aws-lb-controller-policy",
            "description": "Policy for AWS Load Balancer Controller",
            "id": "arn:aws:iam::574137357818:policy/gabrielmaneraworkshop-aws-lb-controller-policy",
            "name": "gabrielmaneraworkshop-aws-lb-controller-policy",
            "name_prefix": "",
            "path": "/",
            "policy": "{\"Statement\":[{\"Action\":[\"iam:CreateServiceLinkedRole\"],\"Condition\":{\"StringEquals\":{\"iam:AWSServiceName\":\"elasticloadbalancing.amazonaws.com\"}},\"Effect\":\"Allow\",\"Resource\":\"*\"},{\"Action\":[\"ec2:DescribeAccountAttributes\",\"ec2:DescribeAddresses\",\"ec2:DescribeAvailabilityZones\",\"ec2:DescribeInternetGateways\",\"ec2:DescribeVpcs\",\"ec2:DescribeVpcPeeringConnections\",\"ec2:DescribeSubnets\",\"ec2:DescribeSecurityGroups\",\"ec2:DescribeInstances\",\"ec2:DescribeNetworkInterfaces\",\"ec2:DescribeTags\",\"ec2:GetCoipPoolUsage\",\"ec2:DescribeCoipPools\",\"elasticloadbalancing:DescribeLoadBalancers\",\"elasticloadbalancing:DescribeLoadBalancerAttributes\",\"elasticloadbalancing:DescribeListeners\",\"elasticloadbalancing:DescribeListenerCertificates\",\"elasticloadbalancing:DescribeSSLPolicies\",\"elasticloadbalancing:DescribeRules\",\"elasticloadbalancing:DescribeTargetGroups\",\"elasticloadbalancing:DescribeTargetGroupAttributes\",\"elasticloadbalancing:DescribeTargetHealth\",\"elasticloadbalancing:DescribeTags\"],\"Effect\":\"Allow\",\"Resource\":\"*\"},{\"Action\":[\"cognito-idp:DescribeUserPoolClient\",\"acm:ListCertificates\",\"acm:DescribeCertificate\",\"iam:ListServerCertificates\",\"iam:GetServerCertificate\",\"waf-regional:GetWebACL\",\"waf-regional:GetWebACLForResource\",\"waf-regional:AssociateWebACL\",\"waf-regional:DisassociateWebACL\",\"wafv2:GetWebACL\",\"wafv2:GetWebACLForResource\",\"wafv2:AssociateWebACL\",\"wafv2:DisassociateWebACL\",\"shield:GetSubscriptionState\",\"shield:DescribeProtection\",\"shield:CreateProtection\",\"shield:DeleteProtection\"],\"Effect\":\"Allow\",\"Resource\":\"*\"},{\"Action\":[\"ec2:AuthorizeSecurityGroupIngress\",\"ec2:RevokeSecurityGroupIngress\"],\"Effect\":\"Allow\",\"Resource\":\"*\"},{\"Action\":[\"ec2:CreateSecurityGroup\"],\"Effect\":\"Allow\",\"Resource\":\"*\"},{\"Action\":[\"ec2:CreateTags\"],\"Condition\":{\"Null\":{\"aws:RequestTag/elbv2.k8s.aws/cluster\":\"false\"},\"StringEquals\":{\"ec2:CreateAction\":\"CreateSecurityGroup\"}},\"Effect\":\"Allow\",\"Resource\":\"arn:aws:ec2:*:*:security-group/*\"},{\"Action\":[\"ec2:CreateTags\",\"ec2:DeleteTags\"],\"Condition\":{\"Null\":{\"aws:RequestTag/elbv2.k8s.aws/cluster\":\"true\",\"aws:ResourceTag/elbv2.k8s.aws/cluster\":\"false\"}},\"Effect\":\"Allow\",\"Resource\":\"arn:aws:ec2:*:*:security-group/*\"},{\"Action\":[\"ec2:AuthorizeSecurityGroupIngress\",\"ec2:RevokeSecurityGroupIngress\",\"ec2:DeleteSecurityGroup\"],\"Condition\":{\"Null\":{\"aws:ResourceTag/elbv2.k8s.aws/cluster\":\"false\"}},\"Effect\":\"Allow\",\"Resource\":\"*\"},{\"Action\":[\"elasticloadbalancing:CreateLoadBalancer\",\"elasticloadbalancing:CreateTargetGroup\"],\"Condition\":{\"Null\":{\"aws:RequestTag/elbv2.k8s.aws/cluster\":\"false\"}},\"Effect\":\"Allow\",\"Resource\":\"*\"},{\"Action\":[\"elasticloadbalancing:CreateListener\",\"elasticloadbalancing:DeleteListener\",\"elasticloadbalancing:CreateRule\",\"elasticloadbalancing:DeleteRule\"],\"Effect\":\"Allow\",\"Resource\":\"*\"},{\"Action\":[\"elasticloadbalancing:AddTags\",\"elasticloadbalancing:RemoveTags\"],\"Condition\":{\"Null\":{\"aws:RequestTag/elbv2.k8s.aws/cluster\":\"true\",\"aws:ResourceTag/elbv2.k8s.aws/cluster\":\"false\"}},\"Effect\":\"Allow\",\"Resource\":[\"arn:aws:elasticloadbalancing:*:*:targetgroup/*/*\",\"arn:aws:elasticloadbalancing:*:*:loadbalancer/net/*/*\",\"arn:aws:elasticloadbalancing:*:*:loadbalancer/app/*/*\"]},{\"Action\":[\"elasticloadbalancing:AddTags\",\"elasticloadbalancing:RemoveTags\"],\"Effect\":\"Allow\",\"Resource\":[\"arn:aws:elasticloadbalancing:*:*:listener/net/*/*/*\",\"arn:aws:elasticloadbalancing:*:*:listener/app/*/*/*\",\"arn:aws:elasticloadbalancing:*:*:listener-rule/net/*/*/*\",\"arn:aws:elasticloadbalancing:*:*:listener-rule/app/*/*/*\"]},{\"Action\":[\"elasticloadbalancing:ModifyLoadBalancerAttributes\",\"elasticloadbalancing:SetIpAddressType\",\"elasticloadbalancing:SetSecurityGroups\",\"elasticloadbalancing:SetSubnets\",\"elasticloadbalancing:DeleteLoadBalancer\",\"elasticloadbalancing:ModifyTargetGroup\",\"elasticloadbalancing:ModifyTargetGroupAttributes\",\"elasticloadbalancing:DeleteTargetGroup\"],\"Condition\":{\"Null\":{\"aws:ResourceTag/elbv2.k8s.aws/cluster\":\"false\"}},\"Effect\":\"Allow\",\"Resource\":\"*\"},{\"Action\":[\"elasticloadbalancing:AddTags\"],\"Condition\":{\"Null\":{\"aws:RequestTag/elbv2.k8s.aws/cluster\":\"false\"},\"StringEquals\":{\"elasticloadbalancing:CreateAction\":[\"CreateTargetGroup\",\"CreateLoadBalancer\"]}},\"Effect\":\"Allow\",\"Resource\":[\"arn:aws:elasticloadbalancing:*:*:targetgroup/*/*\",\"arn:aws:elasticloadbalancing:*:*:loadbalancer/net/*/*\",\"arn:aws:elasticloadbalancing:*:*:loadbalancer/app/*/*\"]},{\"Action\":[\"elasticloadbalancing:RegisterTargets\",\"elasticloadbalancing:DeregisterTargets\"],\"Effect\":\"Allow\",\"Resource\":\"arn:aws:elasticloadbalancing:*:*:targetgroup/*/*\"},{\"Action\":[\"elasticloadbalancing:SetWebAcl\",\"elasticloadbalancing:ModifyListener\",\"elasticloadbalancing:AddListenerCertificates\",\"elasticloadbalancing:RemoveListenerCertificates\",\"elasticloadbalancing:ModifyRule\"],\"Effect\":\"Allow\",\"Resource\":\"*\"}],\"Version\":\"2012-10-17\"}",
            "policy_id": "ANPAYLLKA2X5MJA7U5S7X",
            "tags": null,
            "tags_all": {}
          },
          "sensitive_attributes": [],
          "private": "bnVsbA=="
        }
      ]
    },
    {
      "module": "module.iam",
      "mode": "managed",
      "type": "aws_iam_policy",
      "name": "eks_helm_admin_policy",
      "provider": "provider[\"registry.terraform.io/hashicorp/aws\"]",
      "instances": [
        {
          "schema_version": 0,
          "attributes": {
            "arn": "arn:aws:iam::574137357818:policy/eks-helm-admin-policy",
            "description": "EKS Helm Admin policy",
            "id": "arn:aws:iam::574137357818:policy/eks-helm-admin-policy",
            "name": "eks-helm-admin-policy",
            "name_prefix": "",
            "path": "/",
            "policy": "{\"Statement\":[{\"Action\":[\"eks:*\",\"ec2:*\",\"elasticloadbalancing:*\",\"iam:*\",\"cloudwatch:*\"],\"Effect\":\"Allow\",\"Resource\":\"*\"}],\"Version\":\"2012-10-17\"}",
            "policy_id": "ANPAYLLKA2X5KK3UYW5KS",
            "tags": {},
            "tags_all": {}
          },
          "sensitive_attributes": [],
          "private": "bnVsbA=="
        }
      ]
    },
    {
      "module": "module.iam",
      "mode": "managed",
      "type": "aws_iam_role",
      "name": "eks_cluster",
      "provider": "provider[\"registry.terraform.io/hashicorp/aws\"]",
      "instances": [
        {
          "schema_version": 0,
          "attributes": {
            "arn": "arn:aws:iam::574137357818:role/gabrielmaneraworkshop-eks-cluster-role",
            "assume_role_policy": "{\"Statement\":[{\"Action\":\"sts:AssumeRole\",\"Effect\":\"Allow\",\"Principal\":{\"Service\":\"eks.amazonaws.com\"}}],\"Version\":\"2012-10-17\"}",
            "create_date": "2023-11-24T12:11:48Z",
            "description": "",
            "force_detach_policies": false,
            "id": "gabrielmaneraworkshop-eks-cluster-role",
            "inline_policy": [],
            "managed_policy_arns": [
              "arn:aws:iam::aws:policy/AmazonEKSClusterPolicy",
              "arn:aws:iam::aws:policy/AmazonEKSVPCResourceController"
            ],
            "max_session_duration": 3600,
            "name": "gabrielmaneraworkshop-eks-cluster-role",
            "name_prefix": "",
            "path": "/",
            "permissions_boundary": "",
            "tags": {},
            "tags_all": {},
            "unique_id": "AROAYLLKA2X5C3S6DPYUV"
          },
          "sensitive_attributes": [],
          "private": "bnVsbA=="
        }
      ]
    },
    {
      "module": "module.iam",
      "mode": "managed",
      "type": "aws_iam_role",
      "name": "eks_node",
      "provider": "provider[\"registry.terraform.io/hashicorp/aws\"]",
      "instances": [
        {
          "schema_version": 0,
          "attributes": {
            "arn": "arn:aws:iam::574137357818:role/gabrielmaneraworkshop-eks-node-role",
            "assume_role_policy": "{\"Statement\":[{\"Action\":\"sts:AssumeRole\",\"Effect\":\"Allow\",\"Principal\":{\"Service\":\"ec2.amazonaws.com\"}}],\"Version\":\"2012-10-17\"}",
            "create_date": "2023-11-24T12:11:48Z",
            "description": "",
            "force_detach_policies": false,
            "id": "gabrielmaneraworkshop-eks-node-role",
            "inline_policy": [],
            "managed_policy_arns": [
              "arn:aws:iam::574137357818:policy/gabrielmaneraworkshop-aws-lb-controller-policy",
              "arn:aws:iam::aws:policy/AmazonEC2ContainerRegistryReadOnly",
              "arn:aws:iam::aws:policy/AmazonEKSWorkerNodePolicy",
              "arn:aws:iam::aws:policy/AmazonEKS_CNI_Policy",
              "arn:aws:iam::aws:policy/service-role/AmazonEBSCSIDriverPolicy"
            ],
            "max_session_duration": 3600,
            "name": "gabrielmaneraworkshop-eks-node-role",
            "name_prefix": "",
            "path": "/",
            "permissions_boundary": "",
            "tags": {},
            "tags_all": {},
            "unique_id": "AROAYLLKA2X5OOVRYI5KO"
          },
          "sensitive_attributes": [],
          "private": "bnVsbA=="
        }
      ]
    },
    {
      "module": "module.iam",
      "mode": "managed",
      "type": "aws_iam_role_policy_attachment",
      "name": "eks_cluster_policy",
      "provider": "provider[\"registry.terraform.io/hashicorp/aws\"]",
      "instances": [
        {
          "schema_version": 0,
          "attributes": {
            "id": "gabrielmaneraworkshop-eks-cluster-role-20231124121150335700000002",
            "policy_arn": "arn:aws:iam::aws:policy/AmazonEKSClusterPolicy",
            "role": "gabrielmaneraworkshop-eks-cluster-role"
          },
          "sensitive_attributes": [],
          "private": "bnVsbA==",
          "dependencies": [
            "module.iam.aws_iam_role.eks_cluster"
          ]
        }
      ]
    },
    {
      "module": "module.iam",
      "mode": "managed",
      "type": "aws_iam_role_policy_attachment",
      "name": "eks_cni_policy",
      "provider": "provider[\"registry.terraform.io/hashicorp/aws\"]",
      "instances": [
        {
          "schema_version": 0,
          "attributes": {
            "id": "gabrielmaneraworkshop-eks-node-role-20231124121150429500000004",
            "policy_arn": "arn:aws:iam::aws:policy/AmazonEKS_CNI_Policy",
            "role": "gabrielmaneraworkshop-eks-node-role"
          },
          "sensitive_attributes": [],
          "private": "bnVsbA==",
          "dependencies": [
            "module.iam.aws_iam_role.eks_node"
          ]
        }
      ]
    },
    {
      "module": "module.iam",
      "mode": "managed",
      "type": "aws_iam_role_policy_attachment",
      "name": "eks_csi_policy",
      "provider": "provider[\"registry.terraform.io/hashicorp/aws\"]",
      "instances": [
        {
          "schema_version": 0,
          "attributes": {
            "id": "gabrielmaneraworkshop-eks-node-role-20231124131223660500000002",
            "policy_arn": "arn:aws:iam::aws:policy/service-role/AmazonEBSCSIDriverPolicy",
            "role": "gabrielmaneraworkshop-eks-node-role"
          },
          "sensitive_attributes": [],
          "private": "bnVsbA==",
          "dependencies": [
            "module.iam.aws_iam_role.eks_node"
          ]
        }
      ]
    },
    {
      "module": "module.iam",
      "mode": "managed",
      "type": "aws_iam_role_policy_attachment",
      "name": "eks_registry_policy",
      "provider": "provider[\"registry.terraform.io/hashicorp/aws\"]",
      "instances": [
        {
          "schema_version": 0,
          "attributes": {
            "id": "gabrielmaneraworkshop-eks-node-role-20231124121150396500000003",
            "policy_arn": "arn:aws:iam::aws:policy/AmazonEC2ContainerRegistryReadOnly",
            "role": "gabrielmaneraworkshop-eks-node-role"
          },
          "sensitive_attributes": [],
          "private": "bnVsbA==",
          "dependencies": [
            "module.iam.aws_iam_role.eks_node"
          ]
        }
      ]
    },
    {
      "module": "module.iam",
      "mode": "managed",
      "type": "aws_iam_role_policy_attachment",
      "name": "eks_vpc_policy",
      "provider": "provider[\"registry.terraform.io/hashicorp/aws\"]",
      "instances": [
        {
          "schema_version": 0,
          "attributes": {
            "id": "gabrielmaneraworkshop-eks-cluster-role-20231124121150614800000006",
            "policy_arn": "arn:aws:iam::aws:policy/AmazonEKSVPCResourceController",
            "role": "gabrielmaneraworkshop-eks-cluster-role"
          },
          "sensitive_attributes": [],
          "private": "bnVsbA==",
          "dependencies": [
            "module.iam.aws_iam_role.eks_cluster"
          ]
        }
      ]
    },
    {
      "module": "module.iam",
      "mode": "managed",
      "type": "aws_iam_role_policy_attachment",
      "name": "eks_worker_node_policy",
      "provider": "provider[\"registry.terraform.io/hashicorp/aws\"]",
      "instances": [
        {
          "schema_version": 0,
          "attributes": {
            "id": "gabrielmaneraworkshop-eks-node-role-20231124121150553200000005",
            "policy_arn": "arn:aws:iam::aws:policy/AmazonEKSWorkerNodePolicy",
            "role": "gabrielmaneraworkshop-eks-node-role"
          },
          "sensitive_attributes": [],
          "private": "bnVsbA==",
          "dependencies": [
            "module.iam.aws_iam_role.eks_node"
          ]
        }
      ]
    },
    {
      "module": "module.iam",
      "mode": "managed",
      "type": "aws_iam_role_policy_attachment",
      "name": "lb_controller_node_attachment",
      "provider": "provider[\"registry.terraform.io/hashicorp/aws\"]",
      "instances": [
        {
          "schema_version": 0,
          "attributes": {
            "id": "gabrielmaneraworkshop-eks-node-role-20231124142417116500000001",
            "policy_arn": "arn:aws:iam::574137357818:policy/gabrielmaneraworkshop-aws-lb-controller-policy",
            "role": "gabrielmaneraworkshop-eks-node-role"
          },
          "sensitive_attributes": [],
          "private": "bnVsbA==",
          "dependencies": [
            "module.iam.aws_iam_policy.aws_lb_controller_policy",
            "module.iam.aws_iam_role.eks_node"
          ]
        }
      ]
    },
    {
      "module": "module.iam",
      "mode": "managed",
      "type": "aws_iam_user_policy_attachment",
      "name": "attach_helm_admin_policy",
      "provider": "provider[\"registry.terraform.io/hashicorp/aws\"]",
      "instances": [
        {
          "schema_version": 0,
          "attributes": {
            "id": "gabriel.manera-20231124121150158100000001",
            "policy_arn": "arn:aws:iam::574137357818:policy/eks-helm-admin-policy",
            "user": "gabriel.manera"
          },
          "sensitive_attributes": [],
          "private": "bnVsbA==",
          "dependencies": [
            "module.iam.aws_iam_policy.eks_helm_admin_policy"
          ]
        }
      ]
    },
    {
      "module": "module.kms",
      "mode": "managed",
      "type": "aws_kms_key",
      "name": "eks_encryption",
      "provider": "provider[\"registry.terraform.io/hashicorp/aws\"]",
      "instances": [
        {
          "schema_version": 0,
          "attributes": {
            "arn": "arn:aws:kms:us-east-2:574137357818:key/bef09006-4afc-457e-918a-416013cf435a",
            "bypass_policy_lockout_safety_check": false,
            "custom_key_store_id": "",
            "customer_master_key_spec": "SYMMETRIC_DEFAULT",
            "deletion_window_in_days": 10,
            "description": "KMS key for EKS secrets encryption",
            "enable_key_rotation": true,
            "id": "bef09006-4afc-457e-918a-416013cf435a",
            "is_enabled": true,
            "key_id": "bef09006-4afc-457e-918a-416013cf435a",
            "key_usage": "ENCRYPT_DECRYPT",
            "multi_region": false,
            "policy": "{\"Id\":\"key-default-1\",\"Statement\":[{\"Action\":\"kms:*\",\"Effect\":\"Allow\",\"Principal\":{\"AWS\":\"arn:aws:iam::574137357818:root\"},\"Resource\":\"*\",\"Sid\":\"Enable IAM User Permissions\"}],\"Version\":\"2012-10-17\"}",
            "tags": {},
            "tags_all": {},
            "timeouts": null
          },
          "sensitive_attributes": [],
          "private": "eyJlMmJmYjczMC1lY2FhLTExZTYtOGY4OC0zNDM2M2JjN2M0YzAiOnsiY3JlYXRlIjoxMjAwMDAwMDAwMDB9fQ=="
        }
      ]
    },
    {
      "module": "module.vpc",
      "mode": "data",
      "type": "aws_iam_policy_document",
      "name": "eks_vpc_guardduty",
      "provider": "provider[\"registry.terraform.io/hashicorp/aws\"]",
      "instances": [
        {
          "schema_version": 0,
          "attributes": {
            "id": "3487679166",
            "json": "{\n  \"Version\": \"2012-10-17\",\n  \"Statement\": [\n    {\n      \"Effect\": \"Allow\",\n      \"Action\": \"execute-api:Invoke\",\n      \"Resource\": \"*\",\n      \"Principal\": {\n        \"Service\": \"guardduty.amazonaws.com\"\n      }\n    }\n  ]\n}",
            "override_policy_documents": null,
            "policy_id": null,
            "source_policy_documents": null,
            "statement": [
              {
                "actions": [
                  "execute-api:Invoke"
                ],
                "condition": [],
                "effect": "Allow",
                "not_actions": [],
                "not_principals": [],
                "not_resources": [],
                "principals": [
                  {
                    "identifiers": [
                      "guardduty.amazonaws.com"
                    ],
                    "type": "Service"
                  }
                ],
                "resources": [
                  "*"
                ],
                "sid": ""
              }
            ],
            "version": "2012-10-17"
          },
          "sensitive_attributes": []
        }
      ]
    },
    {
      "module": "module.vpc",
      "mode": "data",
      "type": "aws_region",
      "name": "current",
      "provider": "provider[\"registry.terraform.io/hashicorp/aws\"]",
      "instances": [
        {
          "schema_version": 0,
          "attributes": {
            "description": "US East (Ohio)",
            "endpoint": "ec2.us-east-2.amazonaws.com",
            "id": "us-east-2",
            "name": "us-east-2"
          },
          "sensitive_attributes": []
        }
      ]
    },
    {
      "module": "module.vpc",
      "mode": "data",
      "type": "aws_vpc_endpoint_service",
      "name": "guardduty",
      "provider": "provider[\"registry.terraform.io/hashicorp/aws\"]",
      "instances": [
        {
          "schema_version": 0,
          "attributes": {
            "acceptance_required": false,
            "arn": "arn:aws:ec2:us-east-2:574137357818:vpc-endpoint-service/vpce-svc-04bb9534565038458",
            "availability_zones": [
              "us-east-2a",
              "us-east-2b",
              "us-east-2c"
            ],
            "base_endpoint_dns_names": [
              "guardduty-data.us-east-2.vpce.amazonaws.com"
            ],
            "filter": [
              {
                "name": "service-name",
                "values": [
                  "com.amazonaws.us-east-2.guardduty-data"
                ]
              }
            ],
            "id": "3422361839",
            "manages_vpc_endpoints": false,
            "owner": "amazon",
            "private_dns_name": "guardduty-data.us-east-2.amazonaws.com",
            "service": null,
            "service_id": "vpce-svc-04bb9534565038458",
            "service_name": "com.amazonaws.us-east-2.guardduty-data",
            "service_type": "Interface",
            "supported_ip_address_types": [
              "ipv4"
            ],
            "tags": {},
            "timeouts": null,
            "vpc_endpoint_policy_supported": true
          },
          "sensitive_attributes": []
        }
      ]
    },
    {
      "module": "module.vpc",
      "mode": "managed",
      "type": "aws_eip",
      "name": "nat_eip",
      "provider": "provider[\"registry.terraform.io/hashicorp/aws\"]",
      "instances": [
        {
          "schema_version": 0,
          "attributes": {
            "address": null,
            "allocation_id": "eipalloc-05ec346282f05c256",
            "associate_with_private_ip": null,
            "association_id": "eipassoc-00c668d2f7c1113da",
            "carrier_ip": "",
            "customer_owned_ip": "",
            "customer_owned_ipv4_pool": "",
            "domain": "vpc",
            "id": "eipalloc-05ec346282f05c256",
            "instance": "",
            "network_border_group": "us-east-2",
            "network_interface": "eni-02378f75e28b5a65b",
            "private_dns": "ip-10-0-1-220.us-east-2.compute.internal",
            "private_ip": "10.0.1.220",
            "public_dns": "ec2-3-132-193-226.us-east-2.compute.amazonaws.com",
            "public_ip": "3.132.193.226",
            "public_ipv4_pool": "amazon",
            "tags": {},
            "tags_all": {},
            "timeouts": null,
            "vpc": true
          },
          "sensitive_attributes": [],
          "private": "eyJlMmJmYjczMC1lY2FhLTExZTYtOGY4OC0zNDM2M2JjN2M0YzAiOnsiZGVsZXRlIjoxODAwMDAwMDAwMDAsInJlYWQiOjkwMDAwMDAwMDAwMCwidXBkYXRlIjozMDAwMDAwMDAwMDB9fQ=="
        }
      ]
    },
    {
      "module": "module.vpc",
      "mode": "managed",
      "type": "aws_internet_gateway",
      "name": "igw",
      "provider": "provider[\"registry.terraform.io/hashicorp/aws\"]",
      "instances": [
        {
          "schema_version": 0,
          "attributes": {
            "arn": "arn:aws:ec2:us-east-2:574137357818:internet-gateway/igw-08601591710f878e2",
            "id": "igw-08601591710f878e2",
            "owner_id": "574137357818",
            "tags": {
              "Name": "gabrielmaneraworkshop-igw"
            },
            "tags_all": {
              "Name": "gabrielmaneraworkshop-igw"
            },
            "timeouts": null,
            "vpc_id": "vpc-0b7fd9a8c877d9c96"
          },
          "sensitive_attributes": [],
          "private": "eyJlMmJmYjczMC1lY2FhLTExZTYtOGY4OC0zNDM2M2JjN2M0YzAiOnsiY3JlYXRlIjoxMjAwMDAwMDAwMDAwLCJkZWxldGUiOjEyMDAwMDAwMDAwMDAsInVwZGF0ZSI6MTIwMDAwMDAwMDAwMH19",
          "dependencies": [
            "module.vpc.aws_vpc.vpc"
          ]
        }
      ]
    },
    {
      "module": "module.vpc",
      "mode": "managed",
      "type": "aws_nat_gateway",
      "name": "nat_gw",
      "provider": "provider[\"registry.terraform.io/hashicorp/aws\"]",
      "instances": [
        {
          "schema_version": 0,
          "attributes": {
            "allocation_id": "eipalloc-05ec346282f05c256",
            "association_id": "eipassoc-00c668d2f7c1113da",
            "connectivity_type": "public",
            "id": "nat-03ae6dba25d2e02e7",
            "network_interface_id": "eni-02378f75e28b5a65b",
            "private_ip": "10.0.1.220",
            "public_ip": "3.132.193.226",
            "secondary_allocation_ids": [],
            "secondary_private_ip_address_count": 0,
            "secondary_private_ip_addresses": [],
            "subnet_id": "subnet-00e1244c1623bd90f",
            "tags": {
              "Name": "gabrielmaneraworkshop-nat-gw"
            },
            "tags_all": {
              "Name": "gabrielmaneraworkshop-nat-gw"
            },
            "timeouts": null
          },
          "sensitive_attributes": [],
          "private": "eyJlMmJmYjczMC1lY2FhLTExZTYtOGY4OC0zNDM2M2JjN2M0YzAiOnsiY3JlYXRlIjo2MDAwMDAwMDAwMDAsImRlbGV0ZSI6MTgwMDAwMDAwMDAwMCwidXBkYXRlIjo2MDAwMDAwMDAwMDB9fQ==",
          "dependencies": [
            "module.vpc.aws_eip.nat_eip",
            "module.vpc.aws_subnet.public_subnet",
            "module.vpc.aws_vpc.vpc"
          ]
        }
      ]
    },
    {
      "module": "module.vpc",
      "mode": "managed",
      "type": "aws_route_table",
      "name": "private_rt",
      "provider": "provider[\"registry.terraform.io/hashicorp/aws\"]",
      "instances": [
        {
          "schema_version": 0,
          "attributes": {
            "arn": "arn:aws:ec2:us-east-2:574137357818:route-table/rtb-04cde2334fa97b6df",
            "id": "rtb-04cde2334fa97b6df",
            "owner_id": "574137357818",
            "propagating_vgws": [],
            "route": [
              {
                "carrier_gateway_id": "",
                "cidr_block": "0.0.0.0/0",
                "core_network_arn": "",
                "destination_prefix_list_id": "",
                "egress_only_gateway_id": "",
                "gateway_id": "",
                "ipv6_cidr_block": "",
                "local_gateway_id": "",
                "nat_gateway_id": "nat-03ae6dba25d2e02e7",
                "network_interface_id": "",
                "transit_gateway_id": "",
                "vpc_endpoint_id": "",
                "vpc_peering_connection_id": ""
              }
            ],
            "tags": {
              "Name": "gabrielmaneraworkshop-private-rt"
            },
            "tags_all": {
              "Name": "gabrielmaneraworkshop-private-rt"
            },
            "timeouts": null,
            "vpc_id": "vpc-0b7fd9a8c877d9c96"
          },
          "sensitive_attributes": [],
          "private": "eyJlMmJmYjczMC1lY2FhLTExZTYtOGY4OC0zNDM2M2JjN2M0YzAiOnsiY3JlYXRlIjozMDAwMDAwMDAwMDAsImRlbGV0ZSI6MzAwMDAwMDAwMDAwLCJ1cGRhdGUiOjEyMDAwMDAwMDAwMH19",
          "dependencies": [
            "module.vpc.aws_eip.nat_eip",
            "module.vpc.aws_nat_gateway.nat_gw",
            "module.vpc.aws_subnet.public_subnet",
            "module.vpc.aws_vpc.vpc"
          ]
        }
      ]
    },
    {
      "module": "module.vpc",
      "mode": "managed",
      "type": "aws_route_table",
      "name": "public_rt",
      "provider": "provider[\"registry.terraform.io/hashicorp/aws\"]",
      "instances": [
        {
          "schema_version": 0,
          "attributes": {
            "arn": "arn:aws:ec2:us-east-2:574137357818:route-table/rtb-0225966a4e4e3d571",
            "id": "rtb-0225966a4e4e3d571",
            "owner_id": "574137357818",
            "propagating_vgws": [],
            "route": [
              {
                "carrier_gateway_id": "",
                "cidr_block": "0.0.0.0/0",
                "core_network_arn": "",
                "destination_prefix_list_id": "",
                "egress_only_gateway_id": "",
                "gateway_id": "igw-08601591710f878e2",
                "ipv6_cidr_block": "",
                "local_gateway_id": "",
                "nat_gateway_id": "",
                "network_interface_id": "",
                "transit_gateway_id": "",
                "vpc_endpoint_id": "",
                "vpc_peering_connection_id": ""
              }
            ],
            "tags": {
              "Name": "gabrielmaneraworkshop-public-rt"
            },
            "tags_all": {
              "Name": "gabrielmaneraworkshop-public-rt"
            },
            "timeouts": null,
            "vpc_id": "vpc-0b7fd9a8c877d9c96"
          },
          "sensitive_attributes": [],
          "private": "eyJlMmJmYjczMC1lY2FhLTExZTYtOGY4OC0zNDM2M2JjN2M0YzAiOnsiY3JlYXRlIjozMDAwMDAwMDAwMDAsImRlbGV0ZSI6MzAwMDAwMDAwMDAwLCJ1cGRhdGUiOjEyMDAwMDAwMDAwMH19",
          "dependencies": [
            "module.vpc.aws_internet_gateway.igw",
            "module.vpc.aws_vpc.vpc"
          ]
        }
      ]
    },
    {
      "module": "module.vpc",
      "mode": "managed",
      "type": "aws_route_table_association",
      "name": "private_rta",
      "provider": "provider[\"registry.terraform.io/hashicorp/aws\"]",
      "instances": [
        {
          "schema_version": 0,
          "attributes": {
            "gateway_id": "",
            "id": "rtbassoc-03f7bfcf74744cdbf",
            "route_table_id": "rtb-04cde2334fa97b6df",
            "subnet_id": "subnet-02330fe877d70da1e",
            "timeouts": null
          },
          "sensitive_attributes": [],
          "private": "eyJlMmJmYjczMC1lY2FhLTExZTYtOGY4OC0zNDM2M2JjN2M0YzAiOnsiY3JlYXRlIjozMDAwMDAwMDAwMDAsImRlbGV0ZSI6MzAwMDAwMDAwMDAwLCJ1cGRhdGUiOjEyMDAwMDAwMDAwMH19",
          "dependencies": [
            "module.vpc.aws_eip.nat_eip",
            "module.vpc.aws_nat_gateway.nat_gw",
            "module.vpc.aws_route_table.private_rt",
            "module.vpc.aws_subnet.private_subnet",
            "module.vpc.aws_subnet.public_subnet",
            "module.vpc.aws_vpc.vpc"
          ]
        }
      ]
    },
    {
      "module": "module.vpc",
      "mode": "managed",
      "type": "aws_route_table_association",
      "name": "public_rta",
      "provider": "provider[\"registry.terraform.io/hashicorp/aws\"]",
      "instances": [
        {
          "schema_version": 0,
          "attributes": {
            "gateway_id": "",
            "id": "rtbassoc-0a87557cb81439cd7",
            "route_table_id": "rtb-0225966a4e4e3d571",
            "subnet_id": "subnet-00e1244c1623bd90f",
            "timeouts": null
          },
          "sensitive_attributes": [],
          "private": "eyJlMmJmYjczMC1lY2FhLTExZTYtOGY4OC0zNDM2M2JjN2M0YzAiOnsiY3JlYXRlIjozMDAwMDAwMDAwMDAsImRlbGV0ZSI6MzAwMDAwMDAwMDAwLCJ1cGRhdGUiOjEyMDAwMDAwMDAwMH19",
          "dependencies": [
            "module.vpc.aws_internet_gateway.igw",
            "module.vpc.aws_route_table.public_rt",
            "module.vpc.aws_subnet.public_subnet",
            "module.vpc.aws_vpc.vpc"
          ]
        }
      ]
    },
    {
      "module": "module.vpc",
      "mode": "managed",
      "type": "aws_security_group",
      "name": "eks_vpc_endpoint_guardduty",
      "provider": "provider[\"registry.terraform.io/hashicorp/aws\"]",
      "instances": [
        {
          "schema_version": 1,
          "attributes": {
            "arn": "arn:aws:ec2:us-east-2:574137357818:security-group/sg-004a1b4ba3fe03f7d",
            "description": "Security Group used by VPC Endpoints.",
            "egress": [],
            "id": "sg-004a1b4ba3fe03f7d",
            "ingress": [
              {
                "cidr_blocks": [
                  "0.0.0.0/0"
                ],
                "description": "Ingress for port 443.",
                "from_port": 443,
                "ipv6_cidr_blocks": [],
                "prefix_list_ids": [],
                "protocol": "tcp",
                "security_groups": [],
                "self": false,
                "to_port": 443
              }
            ],
            "name": "gabrielmaneraworkshop-vpc-endpoint-guardduty-sg-20231124121202320600000007",
            "name_prefix": "gabrielmaneraworkshop-vpc-endpoint-guardduty-sg-",
            "owner_id": "574137357818",
            "revoke_rules_on_delete": false,
            "tags": {
              "GuardDutyManaged": "false",
              "Name": "gabrielmaneraworkshop-vpc-endpoint-guardduty-sg"
            },
            "tags_all": {
              "GuardDutyManaged": "false",
              "Name": "gabrielmaneraworkshop-vpc-endpoint-guardduty-sg"
            },
            "timeouts": null,
            "vpc_id": "vpc-0b7fd9a8c877d9c96"
          },
          "sensitive_attributes": [],
          "private": "eyJlMmJmYjczMC1lY2FhLTExZTYtOGY4OC0zNDM2M2JjN2M0YzAiOnsiY3JlYXRlIjo2MDAwMDAwMDAwMDAsImRlbGV0ZSI6OTAwMDAwMDAwMDAwfSwic2NoZW1hX3ZlcnNpb24iOiIxIn0=",
          "dependencies": [
            "module.vpc.aws_vpc.vpc"
          ],
          "create_before_destroy": true
        }
      ]
    },
    {
      "module": "module.vpc",
      "mode": "managed",
      "type": "aws_security_group_rule",
      "name": "eks_vpc_guardduty_ingress",
      "provider": "provider[\"registry.terraform.io/hashicorp/aws\"]",
      "instances": [
        {
          "schema_version": 2,
          "attributes": {
            "cidr_blocks": [
              "0.0.0.0/0"
            ],
            "description": "Ingress for port 443.",
            "from_port": 443,
            "id": "sgrule-2792022893",
            "ipv6_cidr_blocks": null,
            "prefix_list_ids": null,
            "protocol": "tcp",
            "security_group_id": "sg-004a1b4ba3fe03f7d",
            "security_group_rule_id": "sgr-0b45f73c8d86b7061",
            "self": false,
            "source_security_group_id": null,
            "timeouts": null,
            "to_port": 443,
            "type": "ingress"
          },
          "sensitive_attributes": [],
          "private": "eyJlMmJmYjczMC1lY2FhLTExZTYtOGY4OC0zNDM2M2JjN2M0YzAiOnsiY3JlYXRlIjozMDAwMDAwMDAwMDB9LCJzY2hlbWFfdmVyc2lvbiI6IjIifQ==",
          "dependencies": [
            "module.vpc.aws_security_group.eks_vpc_endpoint_guardduty",
            "module.vpc.aws_vpc.vpc"
          ]
        }
      ]
    },
    {
      "module": "module.vpc",
      "mode": "managed",
      "type": "aws_subnet",
      "name": "private_subnet",
      "provider": "provider[\"registry.terraform.io/hashicorp/aws\"]",
      "instances": [
        {
          "schema_version": 1,
          "attributes": {
            "arn": "arn:aws:ec2:us-east-2:574137357818:subnet/subnet-02330fe877d70da1e",
            "assign_ipv6_address_on_creation": false,
            "availability_zone": "us-east-2b",
            "availability_zone_id": "use2-az2",
            "cidr_block": "10.0.2.0/24",
            "customer_owned_ipv4_pool": "",
            "enable_dns64": false,
            "enable_lni_at_device_index": 0,
            "enable_resource_name_dns_a_record_on_launch": false,
            "enable_resource_name_dns_aaaa_record_on_launch": false,
            "id": "subnet-02330fe877d70da1e",
            "ipv6_cidr_block": "",
            "ipv6_cidr_block_association_id": "",
            "ipv6_native": false,
            "map_customer_owned_ip_on_launch": false,
            "map_public_ip_on_launch": false,
            "outpost_arn": "",
            "owner_id": "574137357818",
            "private_dns_hostname_type_on_launch": "ip-name",
            "tags": {
              "Name": "gabrielmaneraworkshop-private-subnet"
            },
            "tags_all": {
              "Name": "gabrielmaneraworkshop-private-subnet"
            },
            "timeouts": null,
            "vpc_id": "vpc-0b7fd9a8c877d9c96"
          },
          "sensitive_attributes": [],
          "private": "eyJlMmJmYjczMC1lY2FhLTExZTYtOGY4OC0zNDM2M2JjN2M0YzAiOnsiY3JlYXRlIjo2MDAwMDAwMDAwMDAsImRlbGV0ZSI6MTIwMDAwMDAwMDAwMH0sInNjaGVtYV92ZXJzaW9uIjoiMSJ9",
          "dependencies": [
            "module.vpc.aws_vpc.vpc"
          ]
        }
      ]
    },
    {
      "module": "module.vpc",
      "mode": "managed",
      "type": "aws_subnet",
      "name": "public_subnet",
      "provider": "provider[\"registry.terraform.io/hashicorp/aws\"]",
      "instances": [
        {
          "schema_version": 1,
          "attributes": {
            "arn": "arn:aws:ec2:us-east-2:574137357818:subnet/subnet-00e1244c1623bd90f",
            "assign_ipv6_address_on_creation": false,
            "availability_zone": "us-east-2a",
            "availability_zone_id": "use2-az1",
            "cidr_block": "10.0.1.0/24",
            "customer_owned_ipv4_pool": "",
            "enable_dns64": false,
            "enable_lni_at_device_index": 0,
            "enable_resource_name_dns_a_record_on_launch": false,
            "enable_resource_name_dns_aaaa_record_on_launch": false,
            "id": "subnet-00e1244c1623bd90f",
            "ipv6_cidr_block": "",
            "ipv6_cidr_block_association_id": "",
            "ipv6_native": false,
            "map_customer_owned_ip_on_launch": false,
            "map_public_ip_on_launch": true,
            "outpost_arn": "",
            "owner_id": "574137357818",
            "private_dns_hostname_type_on_launch": "ip-name",
            "tags": {
              "Name": "gabrielmaneraworkshop-public-subnet"
            },
            "tags_all": {
              "Name": "gabrielmaneraworkshop-public-subnet"
            },
            "timeouts": null,
            "vpc_id": "vpc-0b7fd9a8c877d9c96"
          },
          "sensitive_attributes": [],
          "private": "eyJlMmJmYjczMC1lY2FhLTExZTYtOGY4OC0zNDM2M2JjN2M0YzAiOnsiY3JlYXRlIjo2MDAwMDAwMDAwMDAsImRlbGV0ZSI6MTIwMDAwMDAwMDAwMH0sInNjaGVtYV92ZXJzaW9uIjoiMSJ9",
          "dependencies": [
            "module.vpc.aws_vpc.vpc"
          ]
        }
      ]
    },
    {
      "module": "module.vpc",
      "mode": "managed",
      "type": "aws_vpc",
      "name": "vpc",
      "provider": "provider[\"registry.terraform.io/hashicorp/aws\"]",
      "instances": [
        {
          "schema_version": 1,
          "attributes": {
            "arn": "arn:aws:ec2:us-east-2:574137357818:vpc/vpc-0b7fd9a8c877d9c96",
            "assign_generated_ipv6_cidr_block": false,
            "cidr_block": "10.0.0.0/16",
            "default_network_acl_id": "acl-0ca9104a3b4b4f577",
            "default_route_table_id": "rtb-03b65b34fe8f86c48",
            "default_security_group_id": "sg-0172c3dd0ba92aa92",
            "dhcp_options_id": "dopt-07edb5c0da35956a9",
            "enable_dns_hostnames": true,
            "enable_dns_support": true,
            "enable_network_address_usage_metrics": false,
            "id": "vpc-0b7fd9a8c877d9c96",
            "instance_tenancy": "default",
            "ipv4_ipam_pool_id": null,
            "ipv4_netmask_length": null,
            "ipv6_association_id": "",
            "ipv6_cidr_block": "",
            "ipv6_cidr_block_network_border_group": "",
            "ipv6_ipam_pool_id": "",
            "ipv6_netmask_length": 0,
            "main_route_table_id": "rtb-03b65b34fe8f86c48",
            "owner_id": "574137357818",
            "tags": {
              "Name": "gabrielmaneraworkshop-vpc"
            },
            "tags_all": {
              "Name": "gabrielmaneraworkshop-vpc"
            }
          },
          "sensitive_attributes": [],
          "private": "eyJzY2hlbWFfdmVyc2lvbiI6IjEifQ=="
        }
      ]
    }
  ],
  "check_results": null
}
